
Microsoft Visual Studio Solution File, Format Version 12.00
# Visual Studio Version 17
VisualStudioVersion = 17.6.33717.318
MinimumVisualStudioVersion = 10.0.40219.1
Project("{9A19103F-16F7-4668-BE54-9A1E7A4F7556}") = "ASPNETCore6.0Practice", "ASPNETCore6.0Practice\ASPNETCore6.0Practice.csproj", "{2E352745-BFD2-4EFA-98EE-7F45CFB84175}"
EndProject
Global
	GlobalSection(SolutionConfigurationPlatforms) = preSolution
		Debug|Any CPU = Debug|Any CPU
		Release|Any CPU = Release|Any CPU
	EndGlobalSection
	GlobalSection(ProjectConfigurationPlatforms) = postSolution
		{2E352745-BFD2-4EFA-98EE-7F45CFB84175}.Debug|Any CPU.ActiveCfg = Debug|Any CPU
		{2E352745-BFD2-4EFA-98EE-7F45CFB84175}.Debug|Any CPU.Build.0 = Debug|Any CPU
		{2E352745-BFD2-4EFA-98EE-7F45CFB84175}.Release|Any CPU.ActiveCfg = Release|Any CPU
		{2E352745-BFD2-4EFA-98EE-7F45CFB84175}.Release|Any CPU.Build.0 = Release|Any CPU
	EndGlobalSection
	GlobalSection(SolutionProperties) = preSolution
		HideSolutionNode = FALSE
	EndGlobalSection
	GlobalSection(ExtensibilityGlobals) = postSolution
		SolutionGuid = {12897212-4716-45C8-A68A-DBCADCE3EFB5}
	EndGlobalSection
EndGlobal
